
Microsoft Visual Studio Solution File, Format Version 12.00
# Visual Studio Version 16
VisualStudioVersion = 16.0.34601.136
MinimumVisualStudioVersion = 10.0.40219.1
Project("{FAE04EC0-301F-11D3-BF4B-00C04F79EFBC}") = "OJTI 2023", "OJTI 2023\OJTI 2023.csproj", "{B795E992-57CA-434A-95C9-BBB74BCED56C}"
EndProject
Global
	GlobalSection(SolutionConfigurationPlatforms) = preSolution
		Debug|Any CPU = Debug|Any CPU
		Release|Any CPU = Release|Any CPU
	EndGlobalSection
	GlobalSection(ProjectConfigurationPlatforms) = postSolution
		{B795E992-57CA-434A-95C9-BBB74BCED56C}.Debug|Any CPU.ActiveCfg = Debug|Any CPU
		{B795E992-57CA-434A-95C9-BBB74BCED56C}.Debug|Any CPU.Build.0 = Debug|Any CPU
		{B795E992-57CA-434A-95C9-BBB74BCED56C}.Release|Any CPU.ActiveCfg = Release|Any CPU
		{B795E992-57CA-434A-95C9-BBB74BCED56C}.Release|Any CPU.Build.0 = Release|Any CPU
	EndGlobalSection
	GlobalSection(SolutionProperties) = preSolution
		HideSolutionNode = FALSE
	EndGlobalSection
	GlobalSection(ExtensibilityGlobals) = postSolution
		SolutionGuid = {4C8927E8-2A8C-486A-A56C-8DACA9356D92}
	EndGlobalSection
EndGlobal
