
Microsoft Visual Studio Solution File, Format Version 12.00
# Visual Studio Version 16
VisualStudioVersion = 16.0.34601.136
MinimumVisualStudioVersion = 10.0.40219.1
Project("{FAE04EC0-301F-11D3-BF4B-00C04F79EFBC}") = "OJTI 2018", "OJTI 2018\OJTI 2018.csproj", "{5CE52F20-1CD3-4E61-8904-DDCCD290232E}"
EndProject
Global
	GlobalSection(SolutionConfigurationPlatforms) = preSolution
		Debug|Any CPU = Debug|Any CPU
		Release|Any CPU = Release|Any CPU
	EndGlobalSection
	GlobalSection(ProjectConfigurationPlatforms) = postSolution
		{5CE52F20-1CD3-4E61-8904-DDCCD290232E}.Debug|Any CPU.ActiveCfg = Debug|Any CPU
		{5CE52F20-1CD3-4E61-8904-DDCCD290232E}.Debug|Any CPU.Build.0 = Debug|Any CPU
		{5CE52F20-1CD3-4E61-8904-DDCCD290232E}.Release|Any CPU.ActiveCfg = Release|Any CPU
		{5CE52F20-1CD3-4E61-8904-DDCCD290232E}.Release|Any CPU.Build.0 = Release|Any CPU
	EndGlobalSection
	GlobalSection(SolutionProperties) = preSolution
		HideSolutionNode = FALSE
	EndGlobalSection
	GlobalSection(ExtensibilityGlobals) = postSolution
		SolutionGuid = {AEFC5E1D-3366-49B3-BE14-A216E8DBF5C0}
	EndGlobalSection
EndGlobal
