
Microsoft Visual Studio Solution File, Format Version 12.00
# Visual Studio Version 17
VisualStudioVersion = 17.12.35527.113 d17.12
MinimumVisualStudioVersion = 10.0.40219.1
Project("{FAE04EC0-301F-11D3-BF4B-00C04F79EFBC}") = "ONTI 2022 - V2", "ONTI 2022 - V2.csproj", "{D53B00E4-A267-422C-AFFC-4F2A1253DE49}"
EndProject
Global
	GlobalSection(SolutionConfigurationPlatforms) = preSolution
		Debug|Any CPU = Debug|Any CPU
		Release|Any CPU = Release|Any CPU
	EndGlobalSection
	GlobalSection(ProjectConfigurationPlatforms) = postSolution
		{D53B00E4-A267-422C-AFFC-4F2A1253DE49}.Debug|Any CPU.ActiveCfg = Debug|Any CPU
		{D53B00E4-A267-422C-AFFC-4F2A1253DE49}.Debug|Any CPU.Build.0 = Debug|Any CPU
		{D53B00E4-A267-422C-AFFC-4F2A1253DE49}.Release|Any CPU.ActiveCfg = Release|Any CPU
		{D53B00E4-A267-422C-AFFC-4F2A1253DE49}.Release|Any CPU.Build.0 = Release|Any CPU
	EndGlobalSection
	GlobalSection(SolutionProperties) = preSolution
		HideSolutionNode = FALSE
	EndGlobalSection
EndGlobal
