
Microsoft Visual Studio Solution File, Format Version 12.00
# Visual Studio Version 16
VisualStudioVersion = 16.0.34601.136
MinimumVisualStudioVersion = 10.0.40219.1
Project("{FAE04EC0-301F-11D3-BF4B-00C04F79EFBC}") = "GraphicsTest", "GraphicsTest\GraphicsTest.csproj", "{0056085A-E46E-4477-AB48-810E09A67431}"
EndProject
Global
	GlobalSection(SolutionConfigurationPlatforms) = preSolution
		Debug|Any CPU = Debug|Any CPU
		Release|Any CPU = Release|Any CPU
	EndGlobalSection
	GlobalSection(ProjectConfigurationPlatforms) = postSolution
		{0056085A-E46E-4477-AB48-810E09A67431}.Debug|Any CPU.ActiveCfg = Debug|Any CPU
		{0056085A-E46E-4477-AB48-810E09A67431}.Debug|Any CPU.Build.0 = Debug|Any CPU
		{0056085A-E46E-4477-AB48-810E09A67431}.Release|Any CPU.ActiveCfg = Release|Any CPU
		{0056085A-E46E-4477-AB48-810E09A67431}.Release|Any CPU.Build.0 = Release|Any CPU
	EndGlobalSection
	GlobalSection(SolutionProperties) = preSolution
		HideSolutionNode = FALSE
	EndGlobalSection
	GlobalSection(ExtensibilityGlobals) = postSolution
		SolutionGuid = {42119701-6EBE-4BF3-96B6-7A41BF67805C}
	EndGlobalSection
EndGlobal
